
Microsoft Visual Studio Solution File, Format Version 12.00
# Visual Studio Version 17
VisualStudioVersion = 17.5.002.0
MinimumVisualStudioVersion = 10.0.40219.1
Project("{9A19103F-16F7-4668-BE54-9A1E7A4F7556}") = "myWebApp", "myWebApp.csproj", "{EF582EC6-35D4-42F8-A171-B53FFC068390}"
EndProject
Global
	GlobalSection(SolutionConfigurationPlatforms) = preSolution
		Debug|Any CPU = Debug|Any CPU
		Release|Any CPU = Release|Any CPU
	EndGlobalSection
	GlobalSection(ProjectConfigurationPlatforms) = postSolution
		{EF582EC6-35D4-42F8-A171-B53FFC068390}.Debug|Any CPU.ActiveCfg = Debug|Any CPU
		{EF582EC6-35D4-42F8-A171-B53FFC068390}.Debug|Any CPU.Build.0 = Debug|Any CPU
		{EF582EC6-35D4-42F8-A171-B53FFC068390}.Release|Any CPU.ActiveCfg = Release|Any CPU
		{EF582EC6-35D4-42F8-A171-B53FFC068390}.Release|Any CPU.Build.0 = Release|Any CPU
	EndGlobalSection
	GlobalSection(SolutionProperties) = preSolution
		HideSolutionNode = FALSE
	EndGlobalSection
	GlobalSection(ExtensibilityGlobals) = postSolution
		SolutionGuid = {C726821E-FAC7-4EE7-87CA-511D2D40A475}
	EndGlobalSection
EndGlobal
